// !$*UTF8*$!
{
	archiveVersion = 1;
	classes = {
	};
	objectVersion = 56;
	objects = {

/* Begin PBXBuildFile section */
		AB02419A2C86495700A25320 /* EmbeddingEngineTests.swift in Sources */ = {isa = PBXBuildFile; fileRef = AB0241992C86495700A25320 /* EmbeddingEngineTests.swift */; };
		AB02419B2C86495700A25320 /* libEmbeddingManager.dylib in Frameworks */ = {isa = PBXBuildFile; fileRef = AB426E052C75DECC0057E036 /* libEmbeddingManager.dylib */; };
		AB036BA72C81B9CB00683AFE /* EmbeddingEngine.swift in Sources */ = {isa = PBXBuildFile; fileRef = AB036BA62C81B9CB00683AFE /* EmbeddingEngine.swift */; };
		AB426E092C75DECC0057E036 /* EmbeddingManager.h in Headers */ = {isa = PBXBuildFile; fileRef = AB426E082C75DECC0057E036 /* EmbeddingManager.h */; };
		AB426E0B2C75DECC0057E036 /* EmbeddingManager.m in Sources */ = {isa = PBXBuildFile; fileRef = AB426E0A2C75DECC0057E036 /* EmbeddingManager.m */; };
		AB426E172C77B9430057E036 /* Transformers in Frameworks */ = {isa = PBXBuildFile; productRef = AB426E162C77B9430057E036 /* Transformers */; };
		AB426E1A2C78774C0057E036 /* DistilBERT.mlpackage in Sources */ = {isa = PBXBuildFile; fileRef = AB426E192C78774C0057E036 /* DistilBERT.mlpackage */; };
		AB426E1D2C7C391D0057E036 /* SwiftFaiss in Frameworks */ = {isa = PBXBuildFile; productRef = AB426E1C2C7C391D0057E036 /* SwiftFaiss */; };
/* End PBXBuildFile section */

/* Begin PBXContainerItemProxy section */
		AB02419C2C86495700A25320 /* PBXContainerItemProxy */ = {
			isa = PBXContainerItemProxy;
			containerPortal = AB426DFD2C75DECC0057E036 /* Project object */;
			proxyType = 1;
			remoteGlobalIDString = AB426E042C75DECC0057E036;
			remoteInfo = EmbeddingManager;
		};
/* End PBXContainerItemProxy section */

/* Begin PBXFileReference section */
		AB0241972C86495700A25320 /* EmbeddingEngineTests.xctest */ = {isa = PBXFileReference; explicitFileType = wrapper.cfbundle; includeInIndex = 0; path = EmbeddingEngineTests.xctest; sourceTree = BUILT_PRODUCTS_DIR; };
		AB0241992C86495700A25320 /* EmbeddingEngineTests.swift */ = {isa = PBXFileReference; lastKnownFileType = sourcecode.swift; path = EmbeddingEngineTests.swift; sourceTree = "<group>"; };
		AB0241A12C864FD200A25320 /* bert-vocab.txt */ = {isa = PBXFileReference; lastKnownFileType = text; name = "bert-vocab.txt"; path = "../../../../Downloads/bert-vocab.txt"; sourceTree = "<group>"; };
		AB036BA62C81B9CB00683AFE /* EmbeddingEngine.swift */ = {isa = PBXFileReference; lastKnownFileType = sourcecode.swift; path = EmbeddingEngine.swift; sourceTree = "<group>"; };
		AB426E052C75DECC0057E036 /* libEmbeddingManager.dylib */ = {isa = PBXFileReference; explicitFileType = "compiled.mach-o.dylib"; includeInIndex = 0; path = libEmbeddingManager.dylib; sourceTree = BUILT_PRODUCTS_DIR; };
		AB426E082C75DECC0057E036 /* EmbeddingManager.h */ = {isa = PBXFileReference; lastKnownFileType = sourcecode.c.h; path = EmbeddingManager.h; sourceTree = "<group>"; };
		AB426E0A2C75DECC0057E036 /* EmbeddingManager.m */ = {isa = PBXFileReference; lastKnownFileType = sourcecode.c.objc; path = EmbeddingManager.m; sourceTree = "<group>"; };
		AB426E192C78774C0057E036 /* DistilBERT.mlpackage */ = {isa = PBXFileReference; lastKnownFileType = folder.mlpackage; name = DistilBERT.mlpackage; path = ../../../exporters/exported/DistilBERT.mlpackage; sourceTree = "<group>"; };
/* End PBXFileReference section */

/* Begin PBXFrameworksBuildPhase section */
		AB0241942C86495700A25320 /* Frameworks */ = {
			isa = PBXFrameworksBuildPhase;
			buildActionMask = 2147483647;
			files = (
				AB02419B2C86495700A25320 /* libEmbeddingManager.dylib in Frameworks */,
			);
			runOnlyForDeploymentPostprocessing = 0;
		};
		AB426E032C75DECC0057E036 /* Frameworks */ = {
			isa = PBXFrameworksBuildPhase;
			buildActionMask = 2147483647;
			files = (
				AB426E172C77B9430057E036 /* Transformers in Frameworks */,
				AB426E1D2C7C391D0057E036 /* SwiftFaiss in Frameworks */,
			);
			runOnlyForDeploymentPostprocessing = 0;
		};
/* End PBXFrameworksBuildPhase section */

/* Begin PBXGroup section */
		AB0241982C86495700A25320 /* EmbeddingEngineTests */ = {
			isa = PBXGroup;
			children = (
				AB0241992C86495700A25320 /* EmbeddingEngineTests.swift */,
			);
			path = EmbeddingEngineTests;
			sourceTree = "<group>";
		};
		AB426DFC2C75DECC0057E036 = {
			isa = PBXGroup;
			children = (
				AB426E072C75DECC0057E036 /* EmbeddingManager */,
				AB0241982C86495700A25320 /* EmbeddingEngineTests */,
				AB426E062C75DECC0057E036 /* Products */,
			);
			sourceTree = "<group>";
		};
		AB426E062C75DECC0057E036 /* Products */ = {
			isa = PBXGroup;
			children = (
				AB426E052C75DECC0057E036 /* libEmbeddingManager.dylib */,
				AB0241972C86495700A25320 /* EmbeddingEngineTests.xctest */,
			);
			name = Products;
			sourceTree = "<group>";
		};
		AB426E072C75DECC0057E036 /* EmbeddingManager */ = {
			isa = PBXGroup;
			children = (
				AB0241A12C864FD200A25320 /* bert-vocab.txt */,
				AB426E192C78774C0057E036 /* DistilBERT.mlpackage */,
				AB426E082C75DECC0057E036 /* EmbeddingManager.h */,
				AB426E0A2C75DECC0057E036 /* EmbeddingManager.m */,
				AB036BA62C81B9CB00683AFE /* EmbeddingEngine.swift */,
			);
			path = EmbeddingManager;
			sourceTree = "<group>";
		};
/* End PBXGroup section */

/* Begin PBXHeadersBuildPhase section */
		AB426E012C75DECC0057E036 /* Headers */ = {
			isa = PBXHeadersBuildPhase;
			buildActionMask = 2147483647;
			files = (
				AB426E092C75DECC0057E036 /* EmbeddingManager.h in Headers */,
			);
			runOnlyForDeploymentPostprocessing = 0;
		};
/* End PBXHeadersBuildPhase section */

/* Begin PBXNativeTarget section */
		AB0241962C86495700A25320 /* EmbeddingEngineTests */ = {
			isa = PBXNativeTarget;
			buildConfigurationList = AB0241A02C86495700A25320 /* Build configuration list for PBXNativeTarget "EmbeddingEngineTests" */;
			buildPhases = (
				AB0241932C86495700A25320 /* Sources */,
				AB0241942C86495700A25320 /* Frameworks */,
				AB0241952C86495700A25320 /* Resources */,
			);
			buildRules = (
			);
			dependencies = (
				AB02419D2C86495700A25320 /* PBXTargetDependency */,
			);
			name = EmbeddingEngineTests;
			productName = EmbeddingEngineTests;
			productReference = AB0241972C86495700A25320 /* EmbeddingEngineTests.xctest */;
			productType = "com.apple.product-type.bundle.unit-test";
		};
		AB426E042C75DECC0057E036 /* EmbeddingManager */ = {
			isa = PBXNativeTarget;
			buildConfigurationList = AB426E0E2C75DECC0057E036 /* Build configuration list for PBXNativeTarget "EmbeddingManager" */;
			buildPhases = (
				AB426E012C75DECC0057E036 /* Headers */,
				AB426E022C75DECC0057E036 /* Sources */,
				AB426E032C75DECC0057E036 /* Frameworks */,
			);
			buildRules = (
			);
			dependencies = (
			);
			name = EmbeddingManager;
			packageProductDependencies = (
				AB426E162C77B9430057E036 /* Transformers */,
				AB426E1C2C7C391D0057E036 /* SwiftFaiss */,
			);
			productName = EmbeddingManager;
			productReference = AB426E052C75DECC0057E036 /* libEmbeddingManager.dylib */;
			productType = "com.apple.product-type.library.dynamic";
		};
/* End PBXNativeTarget section */

/* Begin PBXProject section */
		AB426DFD2C75DECC0057E036 /* Project object */ = {
			isa = PBXProject;
			attributes = {
				BuildIndependentTargetsInParallel = 1;
				LastSwiftUpdateCheck = 1540;
				LastUpgradeCheck = 1540;
				TargetAttributes = {
					AB0241962C86495700A25320 = {
						CreatedOnToolsVersion = 15.4;
					};
					AB426E042C75DECC0057E036 = {
						CreatedOnToolsVersion = 15.4;
						LastSwiftMigration = 1540;
					};
				};
			};
			buildConfigurationList = AB426E002C75DECC0057E036 /* Build configuration list for PBXProject "EmbeddingManager" */;
			compatibilityVersion = "Xcode 14.0";
			developmentRegion = en;
			hasScannedForEncodings = 0;
			knownRegions = (
				en,
				Base,
			);
			mainGroup = AB426DFC2C75DECC0057E036;
			packageReferences = (
				AB426E152C77B9430057E036 /* XCRemoteSwiftPackageReference "swift-transformers" */,
				AB426E1B2C7C391D0057E036 /* XCRemoteSwiftPackageReference "SwiftFaiss" */,
			);
			productRefGroup = AB426E062C75DECC0057E036 /* Products */;
			projectDirPath = "";
			projectRoot = "";
			targets = (
				AB426E042C75DECC0057E036 /* EmbeddingManager */,
				AB0241962C86495700A25320 /* EmbeddingEngineTests */,
			);
		};
/* End PBXProject section */

/* Begin PBXResourcesBuildPhase section */
		AB0241952C86495700A25320 /* Resources */ = {
			isa = PBXResourcesBuildPhase;
			buildActionMask = 2147483647;
			files = (
			);
			runOnlyForDeploymentPostprocessing = 0;
		};
/* End PBXResourcesBuildPhase section */

/* Begin PBXSourcesBuildPhase section */
		AB0241932C86495700A25320 /* Sources */ = {
			isa = PBXSourcesBuildPhase;
			buildActionMask = 2147483647;
			files = (
				AB02419A2C86495700A25320 /* EmbeddingEngineTests.swift in Sources */,
			);
			runOnlyForDeploymentPostprocessing = 0;
		};
		AB426E022C75DECC0057E036 /* Sources */ = {
			isa = PBXSourcesBuildPhase;
			buildActionMask = 2147483647;
			files = (
				AB426E0B2C75DECC0057E036 /* EmbeddingManager.m in Sources */,
				AB426E1A2C78774C0057E036 /* DistilBERT.mlpackage in Sources */,
				AB036BA72C81B9CB00683AFE /* EmbeddingEngine.swift in Sources */,
			);
			runOnlyForDeploymentPostprocessing = 0;
		};
/* End PBXSourcesBuildPhase section */

/* Begin PBXTargetDependency section */
		AB02419D2C86495700A25320 /* PBXTargetDependency */ = {
			isa = PBXTargetDependency;
			target = AB426E042C75DECC0057E036 /* EmbeddingManager */;
			targetProxy = AB02419C2C86495700A25320 /* PBXContainerItemProxy */;
		};
/* End PBXTargetDependency section */

/* Begin XCBuildConfiguration section */
		AB02419E2C86495700A25320 /* Debug */ = {
			isa = XCBuildConfiguration;
			buildSettings = {
				CODE_SIGN_STYLE = Automatic;
				CURRENT_PROJECT_VERSION = 1;
				GENERATE_INFOPLIST_FILE = YES;
				MARKETING_VERSION = 1.0;
				PRODUCT_BUNDLE_IDENTIFIER = Alfred.EmbeddingEngineTests;
				PRODUCT_NAME = "$(TARGET_NAME)";
				SWIFT_ACTIVE_COMPILATION_CONDITIONS = "DEBUG $(inherited)";
				SWIFT_EMIT_LOC_STRINGS = NO;
				SWIFT_OPTIMIZATION_LEVEL = "-Onone";
				SWIFT_VERSION = 5.0;
			};
			name = Debug;
		};
		AB02419F2C86495700A25320 /* Release */ = {
			isa = XCBuildConfiguration;
			buildSettings = {
				CODE_SIGN_STYLE = Automatic;
				CURRENT_PROJECT_VERSION = 1;
				GENERATE_INFOPLIST_FILE = YES;
				MARKETING_VERSION = 1.0;
				PRODUCT_BUNDLE_IDENTIFIER = Alfred.EmbeddingEngineTests;
				PRODUCT_NAME = "$(TARGET_NAME)";
				SWIFT_COMPILATION_MODE = wholemodule;
				SWIFT_EMIT_LOC_STRINGS = NO;
				SWIFT_VERSION = 5.0;
			};
			name = Release;
		};
		AB426E0C2C75DECC0057E036 /* Debug */ = {
			isa = XCBuildConfiguration;
			buildSettings = {
				ALWAYS_SEARCH_USER_PATHS = NO;
				ASSETCATALOG_COMPILER_GENERATE_SWIFT_ASSET_SYMBOL_EXTENSIONS = YES;
				CLANG_ANALYZER_NONNULL = YES;
				CLANG_ANALYZER_NUMBER_OBJECT_CONVERSION = YES_AGGRESSIVE;
				CLANG_CXX_LANGUAGE_STANDARD = "gnu++20";
				CLANG_ENABLE_MODULES = YES;
				CLANG_ENABLE_OBJC_ARC = YES;
				CLANG_ENABLE_OBJC_WEAK = YES;
				CLANG_WARN_BLOCK_CAPTURE_AUTORELEASING = YES;
				CLANG_WARN_BOOL_CONVERSION = YES;
				CLANG_WARN_COMMA = YES;
				CLANG_WARN_CONSTANT_CONVERSION = YES;
				CLANG_WARN_DEPRECATED_OBJC_IMPLEMENTATIONS = YES;
				CLANG_WARN_DIRECT_OBJC_ISA_USAGE = YES_ERROR;
				CLANG_WARN_DOCUMENTATION_COMMENTS = YES;
				CLANG_WARN_EMPTY_BODY = YES;
				CLANG_WARN_ENUM_CONVERSION = YES;
				CLANG_WARN_INFINITE_RECURSION = YES;
				CLANG_WARN_INT_CONVERSION = YES;
				CLANG_WARN_NON_LITERAL_NULL_CONVERSION = YES;
				CLANG_WARN_OBJC_IMPLICIT_RETAIN_SELF = YES;
				CLANG_WARN_OBJC_LITERAL_CONVERSION = YES;
				CLANG_WARN_OBJC_ROOT_CLASS = YES_ERROR;
				CLANG_WARN_QUOTED_INCLUDE_IN_FRAMEWORK_HEADER = YES;
				CLANG_WARN_RANGE_LOOP_ANALYSIS = YES;
				CLANG_WARN_STRICT_PROTOTYPES = YES;
				CLANG_WARN_SUSPICIOUS_MOVE = YES;
				CLANG_WARN_UNGUARDED_AVAILABILITY = YES_AGGRESSIVE;
				CLANG_WARN_UNREACHABLE_CODE = YES;
				CLANG_WARN__DUPLICATE_METHOD_MATCH = YES;
				COPY_PHASE_STRIP = NO;
				DEBUG_INFORMATION_FORMAT = dwarf;
				ENABLE_STRICT_OBJC_MSGSEND = YES;
				ENABLE_TESTABILITY = YES;
				ENABLE_USER_SCRIPT_SANDBOXING = YES;
				GCC_C_LANGUAGE_STANDARD = gnu17;
				GCC_DYNAMIC_NO_PIC = NO;
				GCC_NO_COMMON_BLOCKS = YES;
				GCC_OPTIMIZATION_LEVEL = 0;
				GCC_PREPROCESSOR_DEFINITIONS = (
					"DEBUG=1",
					"$(inherited)",
				);
				GCC_WARN_64_TO_32_BIT_CONVERSION = YES;
				GCC_WARN_ABOUT_RETURN_TYPE = YES_ERROR;
				GCC_WARN_UNDECLARED_SELECTOR = YES;
				GCC_WARN_UNINITIALIZED_AUTOS = YES_AGGRESSIVE;
				GCC_WARN_UNUSED_FUNCTION = YES;
				GCC_WARN_UNUSED_VARIABLE = YES;
				LOCALIZATION_PREFERS_STRING_CATALOGS = YES;
				MACOSX_DEPLOYMENT_TARGET = 14.5;
				MTL_ENABLE_DEBUG_INFO = INCLUDE_SOURCE;
				MTL_FAST_MATH = YES;
				ONLY_ACTIVE_ARCH = YES;
				SDKROOT = macosx;
			};
			name = Debug;
		};
		AB426E0D2C75DECC0057E036 /* Release */ = {
			isa = XCBuildConfiguration;
			buildSettings = {
				ALWAYS_SEARCH_USER_PATHS = NO;
				ASSETCATALOG_COMPILER_GENERATE_SWIFT_ASSET_SYMBOL_EXTENSIONS = YES;
				CLANG_ANALYZER_NONNULL = YES;
				CLANG_ANALYZER_NUMBER_OBJECT_CONVERSION = YES_AGGRESSIVE;
				CLANG_CXX_LANGUAGE_STANDARD = "gnu++20";
				CLANG_ENABLE_MODULES = YES;
				CLANG_ENABLE_OBJC_ARC = YES;
				CLANG_ENABLE_OBJC_WEAK = YES;
				CLANG_WARN_BLOCK_CAPTURE_AUTORELEASING = YES;
				CLANG_WARN_BOOL_CONVERSION = YES;
				CLANG_WARN_COMMA = YES;
				CLANG_WARN_CONSTANT_CONVERSION = YES;
				CLANG_WARN_DEPRECATED_OBJC_IMPLEMENTATIONS = YES;
				CLANG_WARN_DIRECT_OBJC_ISA_USAGE = YES_ERROR;
				CLANG_WARN_DOCUMENTATION_COMMENTS = YES;
				CLANG_WARN_EMPTY_BODY = YES;
				CLANG_WARN_ENUM_CONVERSION = YES;
				CLANG_WARN_INFINITE_RECURSION = YES;
				CLANG_WARN_INT_CONVERSION = YES;
				CLANG_WARN_NON_LITERAL_NULL_CONVERSION = YES;
				CLANG_WARN_OBJC_IMPLICIT_RETAIN_SELF = YES;
				CLANG_WARN_OBJC_LITERAL_CONVERSION = YES;
				CLANG_WARN_OBJC_ROOT_CLASS = YES_ERROR;
				CLANG_WARN_QUOTED_INCLUDE_IN_FRAMEWORK_HEADER = YES;
				CLANG_WARN_RANGE_LOOP_ANALYSIS = YES;
				CLANG_WARN_STRICT_PROTOTYPES = YES;
				CLANG_WARN_SUSPICIOUS_MOVE = YES;
				CLANG_WARN_UNGUARDED_AVAILABILITY = YES_AGGRESSIVE;
				CLANG_WARN_UNREACHABLE_CODE = YES;
				CLANG_WARN__DUPLICATE_METHOD_MATCH = YES;
				COPY_PHASE_STRIP = NO;
				DEBUG_INFORMATION_FORMAT = "dwarf-with-dsym";
				ENABLE_NS_ASSERTIONS = NO;
				ENABLE_STRICT_OBJC_MSGSEND = YES;
				ENABLE_USER_SCRIPT_SANDBOXING = YES;
				GCC_C_LANGUAGE_STANDARD = gnu17;
				GCC_NO_COMMON_BLOCKS = YES;
				GCC_WARN_64_TO_32_BIT_CONVERSION = YES;
				GCC_WARN_ABOUT_RETURN_TYPE = YES_ERROR;
				GCC_WARN_UNDECLARED_SELECTOR = YES;
				GCC_WARN_UNINITIALIZED_AUTOS = YES_AGGRESSIVE;
				GCC_WARN_UNUSED_FUNCTION = YES;
				GCC_WARN_UNUSED_VARIABLE = YES;
				LOCALIZATION_PREFERS_STRING_CATALOGS = YES;
				MACOSX_DEPLOYMENT_TARGET = 14.5;
				MTL_ENABLE_DEBUG_INFO = NO;
				MTL_FAST_MATH = YES;
				SDKROOT = macosx;
			};
			name = Release;
		};
		AB426E0F2C75DECC0057E036 /* Debug */ = {
			isa = XCBuildConfiguration;
			buildSettings = {
				CLANG_ENABLE_MODULES = YES;
				CODE_SIGN_STYLE = Automatic;
				DYLIB_COMPATIBILITY_VERSION = 1;
				DYLIB_CURRENT_VERSION = 1;
				EXECUTABLE_PREFIX = lib;
				PRODUCT_NAME = "$(TARGET_NAME)";
				SKIP_INSTALL = YES;
				SWIFT_OPTIMIZATION_LEVEL = "-Onone";
				SWIFT_VERSION = 5.0;
			};
			name = Debug;
		};
		AB426E102C75DECC0057E036 /* Release */ = {
			isa = XCBuildConfiguration;
			buildSettings = {
				CLANG_ENABLE_MODULES = YES;
				CODE_SIGN_STYLE = Automatic;
				DYLIB_COMPATIBILITY_VERSION = 1;
				DYLIB_CURRENT_VERSION = 1;
				EXECUTABLE_PREFIX = lib;
				PRODUCT_NAME = "$(TARGET_NAME)";
				SKIP_INSTALL = YES;
				SWIFT_VERSION = 5.0;
			};
			name = Release;
		};
/* End XCBuildConfiguration section */

/* Begin XCConfigurationList section */
		AB0241A02C86495700A25320 /* Build configuration list for PBXNativeTarget "EmbeddingEngineTests" */ = {
			isa = XCConfigurationList;
			buildConfigurations = (
				AB02419E2C86495700A25320 /* Debug */,
				AB02419F2C86495700A25320 /* Release */,
			);
			defaultConfigurationIsVisible = 0;
			defaultConfigurationName = Release;
		};
		AB426E002C75DECC0057E036 /* Build configuration list for PBXProject "EmbeddingManager" */ = {
			isa = XCConfigurationList;
			buildConfigurations = (
				AB426E0C2C75DECC0057E036 /* Debug */,
				AB426E0D2C75DECC0057E036 /* Release */,
			);
			defaultConfigurationIsVisible = 0;
			defaultConfigurationName = Release;
		};
		AB426E0E2C75DECC0057E036 /* Build configuration list for PBXNativeTarget "EmbeddingManager" */ = {
			isa = XCConfigurationList;
			buildConfigurations = (
				AB426E0F2C75DECC0057E036 /* Debug */,
				AB426E102C75DECC0057E036 /* Release */,
			);
			defaultConfigurationIsVisible = 0;
			defaultConfigurationName = Release;
		};
/* End XCConfigurationList section */

/* Begin XCRemoteSwiftPackageReference section */
		AB426E152C77B9430057E036 /* XCRemoteSwiftPackageReference "swift-transformers" */ = {
			isa = XCRemoteSwiftPackageReference;
			repositoryURL = "https://github.com/huggingface/swift-transformers";
			requirement = {
				kind = upToNextMajorVersion;
				minimumVersion = 0.1.9;
			};
		};
		AB426E1B2C7C391D0057E036 /* XCRemoteSwiftPackageReference "SwiftFaiss" */ = {
			isa = XCRemoteSwiftPackageReference;
			repositoryURL = "https://github.com/jkrukowski/SwiftFaiss";
			requirement = {
				kind = upToNextMajorVersion;
				minimumVersion = 0.0.8;
			};
		};
/* End XCRemoteSwiftPackageReference section */

/* Begin XCSwiftPackageProductDependency section */
		AB426E162C77B9430057E036 /* Transformers */ = {
			isa = XCSwiftPackageProductDependency;
			package = AB426E152C77B9430057E036 /* XCRemoteSwiftPackageReference "swift-transformers" */;
			productName = Transformers;
		};
		AB426E1C2C7C391D0057E036 /* SwiftFaiss */ = {
			isa = XCSwiftPackageProductDependency;
			package = AB426E1B2C7C391D0057E036 /* XCRemoteSwiftPackageReference "SwiftFaiss" */;
			productName = SwiftFaiss;
		};
/* End XCSwiftPackageProductDependency section */
	};
	rootObject = AB426DFD2C75DECC0057E036 /* Project object */;
}
